
Microsoft Visual Studio Solution File, Format Version 12.00
# Visual Studio Version 16
VisualStudioVersion = 16.0.28729.10
MinimumVisualStudioVersion = 10.0.40219.1
Project("{9A19103F-16F7-4668-BE54-9A1E7A4F7556}") = "WimyGit", "WimyGit\WimyGit.csproj", "{BEFF9676-8AE4-4F12-9F99-DAC73D258195}"
EndProject
Project("{9A19103F-16F7-4668-BE54-9A1E7A4F7556}") = "xUnitTest", "xUnitTest\xUnitTest.csproj", "{143DB1DC-707C-4922-9FFB-07BE288D99CD}"
EndProject
Project("{2150E333-8FDC-42A3-9474-1A3956D46DE8}") = "Solution Items", "Solution Items", "{626F97E8-0B4F-47A1-97C5-20FFEABA900C}"
	ProjectSection(SolutionItems) = preProject
		.editorconfig = .editorconfig
	EndProjectSection
EndProject
Project("{FAE04EC0-301F-11D3-BF4B-00C04F79EFBC}") = "WimyGitLib", "WimyGitLib\WimyGitLib.csproj", "{1AF3891B-41DA-433C-96ED-109BB99C9470}"
EndProject
Global
	GlobalSection(SolutionConfigurationPlatforms) = preSolution
		Debug|Any CPU = Debug|Any CPU
		Release|Any CPU = Release|Any CPU
	EndGlobalSection
	GlobalSection(ProjectConfigurationPlatforms) = postSolution
		{BEFF9676-8AE4-4F12-9F99-DAC73D258195}.Debug|Any CPU.ActiveCfg = Debug|Any CPU
		{BEFF9676-8AE4-4F12-9F99-DAC73D258195}.Debug|Any CPU.Build.0 = Debug|Any CPU
		{BEFF9676-8AE4-4F12-9F99-DAC73D258195}.Release|Any CPU.ActiveCfg = Release|Any CPU
		{BEFF9676-8AE4-4F12-9F99-DAC73D258195}.Release|Any CPU.Build.0 = Release|Any CPU
		{143DB1DC-707C-4922-9FFB-07BE288D99CD}.Debug|Any CPU.ActiveCfg = Debug|Any CPU
		{143DB1DC-707C-4922-9FFB-07BE288D99CD}.Debug|Any CPU.Build.0 = Debug|Any CPU
		{143DB1DC-707C-4922-9FFB-07BE288D99CD}.Release|Any CPU.ActiveCfg = Release|Any CPU
		{143DB1DC-707C-4922-9FFB-07BE288D99CD}.Release|Any CPU.Build.0 = Release|Any CPU
		{1AF3891B-41DA-433C-96ED-109BB99C9470}.Debug|Any CPU.ActiveCfg = Debug|Any CPU
		{1AF3891B-41DA-433C-96ED-109BB99C9470}.Debug|Any CPU.Build.0 = Debug|Any CPU
		{1AF3891B-41DA-433C-96ED-109BB99C9470}.Release|Any CPU.ActiveCfg = Release|Any CPU
		{1AF3891B-41DA-433C-96ED-109BB99C9470}.Release|Any CPU.Build.0 = Release|Any CPU
	EndGlobalSection
	GlobalSection(SolutionProperties) = preSolution
		HideSolutionNode = FALSE
	EndGlobalSection
	GlobalSection(ExtensibilityGlobals) = postSolution
		SolutionGuid = {6F6F3242-F6A6-4C35-8D19-DCD210852C85}
	EndGlobalSection
EndGlobal
